// !$*UTF8*$!
{
	archiveVersion = 1;
	classes = {
	};
	objectVersion = 56;
	objects = {

/* Begin PBXBuildFile section */
		AA3CE2602C4219D7003DB370 /* HorizentalScrollerVC.swift in Sources */ = {isa = PBXBuildFile; fileRef = AA3CE25F2C4219D7003DB370 /* HorizentalScrollerVC.swift */; };
		AA3CE2622C4219E6003DB370 /* ThirdViewController.swift in Sources */ = {isa = PBXBuildFile; fileRef = AA3CE2612C4219E6003DB370 /* ThirdViewController.swift */; };
		AA3CE26E2C42AE5A003DB370 /* BaseCollectionViewCell.swift in Sources */ = {isa = PBXBuildFile; fileRef = AA3CE2692C42AE5A003DB370 /* BaseCollectionViewCell.swift */; };
		AA3CE26F2C42AE5A003DB370 /* BaseTableViewCell.swift in Sources */ = {isa = PBXBuildFile; fileRef = AA3CE26A2C42AE5A003DB370 /* BaseTableViewCell.swift */; };
		AA3CE2702C42AE5A003DB370 /* BaseViewController.swift in Sources */ = {isa = PBXBuildFile; fileRef = AA3CE26B2C42AE5A003DB370 /* BaseViewController.swift */; };
		AA3CE2712C42AE5A003DB370 /* Reusable.swift in Sources */ = {isa = PBXBuildFile; fileRef = AA3CE26C2C42AE5A003DB370 /* Reusable.swift */; };
		AA3CE2762C43C94C003DB370 /* WeatherTableViewCell.swift in Sources */ = {isa = PBXBuildFile; fileRef = AA3CE2752C43C94C003DB370 /* WeatherTableViewCell.swift */; };
		AA3CE2782C43C96F003DB370 /* WeatherCollectionViewCell.swift in Sources */ = {isa = PBXBuildFile; fileRef = AA3CE2772C43C96F003DB370 /* WeatherCollectionViewCell.swift */; };
		AA3CE27A2C43C983003DB370 /* DailyForecastTableViewCell.swift in Sources */ = {isa = PBXBuildFile; fileRef = AA3CE2792C43C983003DB370 /* DailyForecastTableViewCell.swift */; };
		AA3CE27C2C43C99A003DB370 /* DailyForecastCollectionViewCell.swift in Sources */ = {isa = PBXBuildFile; fileRef = AA3CE27B2C43C99A003DB370 /* DailyForecastCollectionViewCell.swift */; };
		AA3CE2882C4408E2003DB370 /* HomeViewController.swift in Sources */ = {isa = PBXBuildFile; fileRef = AA3CE2872C4408E2003DB370 /* HomeViewController.swift */; };
		AA3CE28A2C440E22003DB370 /* MapTableViewCell.swift in Sources */ = {isa = PBXBuildFile; fileRef = AA3CE2892C440E22003DB370 /* MapTableViewCell.swift */; };
		AA6BD3442C3ECF6400107AF6 /* AppDelegate.swift in Sources */ = {isa = PBXBuildFile; fileRef = AA6BD3432C3ECF6400107AF6 /* AppDelegate.swift */; };
		AA6BD3462C3ECF6400107AF6 /* SceneDelegate.swift in Sources */ = {isa = PBXBuildFile; fileRef = AA6BD3452C3ECF6400107AF6 /* SceneDelegate.swift */; };
		AA6BD3482C3ECF6400107AF6 /* ViewController.swift in Sources */ = {isa = PBXBuildFile; fileRef = AA6BD3472C3ECF6400107AF6 /* ViewController.swift */; };
		AA6BD34D2C3ECF6500107AF6 /* Assets.xcassets in Resources */ = {isa = PBXBuildFile; fileRef = AA6BD34C2C3ECF6500107AF6 /* Assets.xcassets */; };
		AA6BD3502C3ECF6500107AF6 /* Base in Resources */ = {isa = PBXBuildFile; fileRef = AA6BD34F2C3ECF6500107AF6 /* Base */; };
		AA6BD35A2C3ED2E200107AF6 /* WeatherViewModel.swift in Sources */ = {isa = PBXBuildFile; fileRef = AA6BD3592C3ED2E200107AF6 /* WeatherViewModel.swift */; };
		AA6BD35D2C3ED3AE00107AF6 /* Alamofire in Frameworks */ = {isa = PBXBuildFile; productRef = AA6BD35C2C3ED3AE00107AF6 /* Alamofire */; };
		AA6BD3602C3ED3B900107AF6 /* SnapKit in Frameworks */ = {isa = PBXBuildFile; productRef = AA6BD35F2C3ED3B900107AF6 /* SnapKit */; };
		AA6BD3632C3ED3CC00107AF6 /* Kingfisher in Frameworks */ = {isa = PBXBuildFile; productRef = AA6BD3622C3ED3CC00107AF6 /* Kingfisher */; };
		AA6BD3652C3ED3E800107AF6 /* HomeViewController2.swift in Sources */ = {isa = PBXBuildFile; fileRef = AA6BD3642C3ED3E800107AF6 /* HomeViewController2.swift */; };
		AA6BD3672C3ED75F00107AF6 /* Observable.swift in Sources */ = {isa = PBXBuildFile; fileRef = AA6BD3662C3ED75F00107AF6 /* Observable.swift */; };
		AA6BD3692C3EDB7900107AF6 /* .gitignore in Resources */ = {isa = PBXBuildFile; fileRef = AA6BD3682C3EDB7900107AF6 /* .gitignore */; };
		AA6BD36B2C3EDBA700107AF6 /* Model.swift in Sources */ = {isa = PBXBuildFile; fileRef = AA6BD36A2C3EDBA700107AF6 /* Model.swift */; };
/* End PBXBuildFile section */

/* Begin PBXFileReference section */
		AA3CE25F2C4219D7003DB370 /* HorizentalScrollerVC.swift */ = {isa = PBXFileReference; lastKnownFileType = sourcecode.swift; path = HorizentalScrollerVC.swift; sourceTree = "<group>"; };
		AA3CE2612C4219E6003DB370 /* ThirdViewController.swift */ = {isa = PBXFileReference; lastKnownFileType = sourcecode.swift; path = ThirdViewController.swift; sourceTree = "<group>"; };
		AA3CE2692C42AE5A003DB370 /* BaseCollectionViewCell.swift */ = {isa = PBXFileReference; fileEncoding = 4; lastKnownFileType = sourcecode.swift; path = BaseCollectionViewCell.swift; sourceTree = "<group>"; };
		AA3CE26A2C42AE5A003DB370 /* BaseTableViewCell.swift */ = {isa = PBXFileReference; fileEncoding = 4; lastKnownFileType = sourcecode.swift; path = BaseTableViewCell.swift; sourceTree = "<group>"; };
		AA3CE26B2C42AE5A003DB370 /* BaseViewController.swift */ = {isa = PBXFileReference; fileEncoding = 4; lastKnownFileType = sourcecode.swift; path = BaseViewController.swift; sourceTree = "<group>"; };
		AA3CE26C2C42AE5A003DB370 /* Reusable.swift */ = {isa = PBXFileReference; fileEncoding = 4; lastKnownFileType = sourcecode.swift; path = Reusable.swift; sourceTree = "<group>"; };
		AA3CE2752C43C94C003DB370 /* WeatherTableViewCell.swift */ = {isa = PBXFileReference; lastKnownFileType = sourcecode.swift; path = WeatherTableViewCell.swift; sourceTree = "<group>"; };
		AA3CE2772C43C96F003DB370 /* WeatherCollectionViewCell.swift */ = {isa = PBXFileReference; lastKnownFileType = sourcecode.swift; path = WeatherCollectionViewCell.swift; sourceTree = "<group>"; };
		AA3CE2792C43C983003DB370 /* DailyForecastTableViewCell.swift */ = {isa = PBXFileReference; lastKnownFileType = sourcecode.swift; path = DailyForecastTableViewCell.swift; sourceTree = "<group>"; };
		AA3CE27B2C43C99A003DB370 /* DailyForecastCollectionViewCell.swift */ = {isa = PBXFileReference; lastKnownFileType = sourcecode.swift; path = DailyForecastCollectionViewCell.swift; sourceTree = "<group>"; };
		AA3CE2872C4408E2003DB370 /* HomeViewController.swift */ = {isa = PBXFileReference; lastKnownFileType = sourcecode.swift; path = HomeViewController.swift; sourceTree = "<group>"; };
		AA3CE2892C440E22003DB370 /* MapTableViewCell.swift */ = {isa = PBXFileReference; lastKnownFileType = sourcecode.swift; path = MapTableViewCell.swift; sourceTree = "<group>"; };
		AA6BD3402C3ECF6400107AF6 /* SesacWeatherAPP.app */ = {isa = PBXFileReference; explicitFileType = wrapper.application; includeInIndex = 0; path = SesacWeatherAPP.app; sourceTree = BUILT_PRODUCTS_DIR; };
		AA6BD3432C3ECF6400107AF6 /* AppDelegate.swift */ = {isa = PBXFileReference; lastKnownFileType = sourcecode.swift; path = AppDelegate.swift; sourceTree = "<group>"; };
		AA6BD3452C3ECF6400107AF6 /* SceneDelegate.swift */ = {isa = PBXFileReference; lastKnownFileType = sourcecode.swift; path = SceneDelegate.swift; sourceTree = "<group>"; };
		AA6BD3472C3ECF6400107AF6 /* ViewController.swift */ = {isa = PBXFileReference; lastKnownFileType = sourcecode.swift; path = ViewController.swift; sourceTree = "<group>"; };
		AA6BD34C2C3ECF6500107AF6 /* Assets.xcassets */ = {isa = PBXFileReference; lastKnownFileType = folder.assetcatalog; path = Assets.xcassets; sourceTree = "<group>"; };
		AA6BD34F2C3ECF6500107AF6 /* Base */ = {isa = PBXFileReference; lastKnownFileType = file.storyboard; name = Base; path = Base.lproj/LaunchScreen.storyboard; sourceTree = "<group>"; };
		AA6BD3512C3ECF6500107AF6 /* Info.plist */ = {isa = PBXFileReference; lastKnownFileType = text.plist.xml; path = Info.plist; sourceTree = "<group>"; };
		AA6BD3592C3ED2E200107AF6 /* WeatherViewModel.swift */ = {isa = PBXFileReference; lastKnownFileType = sourcecode.swift; path = WeatherViewModel.swift; sourceTree = "<group>"; };
		AA6BD3642C3ED3E800107AF6 /* HomeViewController2.swift */ = {isa = PBXFileReference; lastKnownFileType = sourcecode.swift; path = HomeViewController2.swift; sourceTree = "<group>"; };
		AA6BD3662C3ED75F00107AF6 /* Observable.swift */ = {isa = PBXFileReference; fileEncoding = 4; lastKnownFileType = sourcecode.swift; path = Observable.swift; sourceTree = "<group>"; };
		AA6BD3682C3EDB7900107AF6 /* .gitignore */ = {isa = PBXFileReference; fileEncoding = 4; lastKnownFileType = text; path = .gitignore; sourceTree = "<group>"; };
		AA6BD36A2C3EDBA700107AF6 /* Model.swift */ = {isa = PBXFileReference; lastKnownFileType = sourcecode.swift; path = Model.swift; sourceTree = "<group>"; };
/* End PBXFileReference section */

/* Begin PBXFrameworksBuildPhase section */
		AA6BD33D2C3ECF6400107AF6 /* Frameworks */ = {
			isa = PBXFrameworksBuildPhase;
			buildActionMask = 2147483647;
			files = (
				AA6BD3632C3ED3CC00107AF6 /* Kingfisher in Frameworks */,
				AA6BD35D2C3ED3AE00107AF6 /* Alamofire in Frameworks */,
				AA6BD3602C3ED3B900107AF6 /* SnapKit in Frameworks */,
			);
			runOnlyForDeploymentPostprocessing = 0;
		};
/* End PBXFrameworksBuildPhase section */

/* Begin PBXGroup section */
		AA3CE25E2C4219C8003DB370 /* New Group */ = {
			isa = PBXGroup;
			children = (
				AA3CE25F2C4219D7003DB370 /* HorizentalScrollerVC.swift */,
				AA3CE2612C4219E6003DB370 /* ThirdViewController.swift */,
			);
			path = "New Group";
			sourceTree = "<group>";
		};
		AA3CE26D2C42AE5A003DB370 /* Base */ = {
			isa = PBXGroup;
			children = (
				AA3CE2692C42AE5A003DB370 /* BaseCollectionViewCell.swift */,
				AA3CE26A2C42AE5A003DB370 /* BaseTableViewCell.swift */,
				AA3CE26B2C42AE5A003DB370 /* BaseViewController.swift */,
				AA3CE26C2C42AE5A003DB370 /* Reusable.swift */,
			);
			path = Base;
			sourceTree = "<group>";
		};
		AA3CE2742C43C93B003DB370 /* Cell */ = {
			isa = PBXGroup;
			children = (
				AA3CE2752C43C94C003DB370 /* WeatherTableViewCell.swift */,
				AA3CE2772C43C96F003DB370 /* WeatherCollectionViewCell.swift */,
				AA3CE2792C43C983003DB370 /* DailyForecastTableViewCell.swift */,
				AA3CE27B2C43C99A003DB370 /* DailyForecastCollectionViewCell.swift */,
				AA3CE2892C440E22003DB370 /* MapTableViewCell.swift */,
			);
			path = Cell;
			sourceTree = "<group>";
		};
		AA6BD3372C3ECF6400107AF6 = {
			isa = PBXGroup;
			children = (
				AA6BD3682C3EDB7900107AF6 /* .gitignore */,
				AA6BD36A2C3EDBA700107AF6 /* Model.swift */,
				AA6BD3422C3ECF6400107AF6 /* SesacWeatherAPP */,
				AA6BD3412C3ECF6400107AF6 /* Products */,
			);
			sourceTree = "<group>";
		};
		AA6BD3412C3ECF6400107AF6 /* Products */ = {
			isa = PBXGroup;
			children = (
				AA6BD3402C3ECF6400107AF6 /* SesacWeatherAPP.app */,
			);
			name = Products;
			sourceTree = "<group>";
		};
		AA6BD3422C3ECF6400107AF6 /* SesacWeatherAPP */ = {
			isa = PBXGroup;
			children = (
				AA6BD3592C3ED2E200107AF6 /* WeatherViewModel.swift */,
				AA3CE26D2C42AE5A003DB370 /* Base */,
				AA3CE25E2C4219C8003DB370 /* New Group */,
				AA6BD3662C3ED75F00107AF6 /* Observable.swift */,
				AA6BD36C2C3EDBCA00107AF6 /* 날씨 */,
				AA6BD3432C3ECF6400107AF6 /* AppDelegate.swift */,
				AA6BD3452C3ECF6400107AF6 /* SceneDelegate.swift */,
				AA6BD3472C3ECF6400107AF6 /* ViewController.swift */,
				AA6BD34C2C3ECF6500107AF6 /* Assets.xcassets */,
				AA6BD34E2C3ECF6500107AF6 /* LaunchScreen.storyboard */,
				AA6BD3512C3ECF6500107AF6 /* Info.plist */,
			);
			path = SesacWeatherAPP;
			sourceTree = "<group>";
		};
		AA6BD36C2C3EDBCA00107AF6 /* 날씨 */ = {
			isa = PBXGroup;
			children = (
				AA3CE2872C4408E2003DB370 /* HomeViewController.swift */,
				AA6BD3642C3ED3E800107AF6 /* HomeViewController2.swift */,
				AA3CE2742C43C93B003DB370 /* Cell */,
			);
			name = "날씨";
			path = "날씨";
			sourceTree = "<group>";
		};
/* End PBXGroup section */

/* Begin PBXNativeTarget section */
		AA6BD33F2C3ECF6400107AF6 /* SesacWeatherAPP */ = {
			isa = PBXNativeTarget;
			buildConfigurationList = AA6BD3542C3ECF6500107AF6 /* Build configuration list for PBXNativeTarget "SesacWeatherAPP" */;
			buildPhases = (
				AA6BD33C2C3ECF6400107AF6 /* Sources */,
				AA6BD33D2C3ECF6400107AF6 /* Frameworks */,
				AA6BD33E2C3ECF6400107AF6 /* Resources */,
			);
			buildRules = (
			);
			dependencies = (
			);
			name = SesacWeatherAPP;
			packageProductDependencies = (
				AA6BD35C2C3ED3AE00107AF6 /* Alamofire */,
				AA6BD35F2C3ED3B900107AF6 /* SnapKit */,
				AA6BD3622C3ED3CC00107AF6 /* Kingfisher */,
			);
			productName = SesacWeatherAPP;
			productReference = AA6BD3402C3ECF6400107AF6 /* SesacWeatherAPP.app */;
			productType = "com.apple.product-type.application";
		};
/* End PBXNativeTarget section */

/* Begin PBXProject section */
		AA6BD3382C3ECF6400107AF6 /* Project object */ = {
			isa = PBXProject;
			attributes = {
				BuildIndependentTargetsInParallel = 1;
				LastSwiftUpdateCheck = 1540;
				LastUpgradeCheck = 1540;
				TargetAttributes = {
					AA6BD33F2C3ECF6400107AF6 = {
						CreatedOnToolsVersion = 15.4;
					};
				};
			};
			buildConfigurationList = AA6BD33B2C3ECF6400107AF6 /* Build configuration list for PBXProject "SesacWeatherAPP" */;
			compatibilityVersion = "Xcode 14.0";
			developmentRegion = en;
			hasScannedForEncodings = 0;
			knownRegions = (
				en,
				Base,
			);
			mainGroup = AA6BD3372C3ECF6400107AF6;
			packageReferences = (
				AA6BD35B2C3ED3AE00107AF6 /* XCRemoteSwiftPackageReference "Alamofire" */,
				AA6BD35E2C3ED3B900107AF6 /* XCRemoteSwiftPackageReference "SnapKit" */,
				AA6BD3612C3ED3CC00107AF6 /* XCRemoteSwiftPackageReference "Kingfisher" */,
			);
			productRefGroup = AA6BD3412C3ECF6400107AF6 /* Products */;
			projectDirPath = "";
			projectRoot = "";
			targets = (
				AA6BD33F2C3ECF6400107AF6 /* SesacWeatherAPP */,
			);
		};
/* End PBXProject section */

/* Begin PBXResourcesBuildPhase section */
		AA6BD33E2C3ECF6400107AF6 /* Resources */ = {
			isa = PBXResourcesBuildPhase;
			buildActionMask = 2147483647;
			files = (
				AA6BD3692C3EDB7900107AF6 /* .gitignore in Resources */,
				AA6BD34D2C3ECF6500107AF6 /* Assets.xcassets in Resources */,
				AA6BD3502C3ECF6500107AF6 /* Base in Resources */,
			);
			runOnlyForDeploymentPostprocessing = 0;
		};
/* End PBXResourcesBuildPhase section */

/* Begin PBXSourcesBuildPhase section */
		AA6BD33C2C3ECF6400107AF6 /* Sources */ = {
			isa = PBXSourcesBuildPhase;
			buildActionMask = 2147483647;
			files = (
				AA3CE27A2C43C983003DB370 /* DailyForecastTableViewCell.swift in Sources */,
				AA3CE2782C43C96F003DB370 /* WeatherCollectionViewCell.swift in Sources */,
				AA3CE2602C4219D7003DB370 /* HorizentalScrollerVC.swift in Sources */,
				AA3CE27C2C43C99A003DB370 /* DailyForecastCollectionViewCell.swift in Sources */,
				AA3CE2622C4219E6003DB370 /* ThirdViewController.swift in Sources */,
				AA3CE2882C4408E2003DB370 /* HomeViewController.swift in Sources */,
				AA3CE28A2C440E22003DB370 /* MapTableViewCell.swift in Sources */,
				AA3CE2762C43C94C003DB370 /* WeatherTableViewCell.swift in Sources */,
				AA6BD36B2C3EDBA700107AF6 /* Model.swift in Sources */,
				AA6BD35A2C3ED2E200107AF6 /* WeatherViewModel.swift in Sources */,
				AA6BD3482C3ECF6400107AF6 /* ViewController.swift in Sources */,
				AA3CE2702C42AE5A003DB370 /* BaseViewController.swift in Sources */,
				AA3CE2712C42AE5A003DB370 /* Reusable.swift in Sources */,
				AA3CE26F2C42AE5A003DB370 /* BaseTableViewCell.swift in Sources */,
				AA3CE26E2C42AE5A003DB370 /* BaseCollectionViewCell.swift in Sources */,
				AA6BD3442C3ECF6400107AF6 /* AppDelegate.swift in Sources */,
				AA6BD3672C3ED75F00107AF6 /* Observable.swift in Sources */,
				AA6BD3462C3ECF6400107AF6 /* SceneDelegate.swift in Sources */,
				AA6BD3652C3ED3E800107AF6 /* HomeViewController2.swift in Sources */,
			);
			runOnlyForDeploymentPostprocessing = 0;
		};
/* End PBXSourcesBuildPhase section */

/* Begin PBXVariantGroup section */
		AA6BD34E2C3ECF6500107AF6 /* LaunchScreen.storyboard */ = {
			isa = PBXVariantGroup;
			children = (
				AA6BD34F2C3ECF6500107AF6 /* Base */,
			);
			name = LaunchScreen.storyboard;
			sourceTree = "<group>";
		};
/* End PBXVariantGroup section */

/* Begin XCBuildConfiguration section */
		AA6BD3522C3ECF6500107AF6 /* Debug */ = {
			isa = XCBuildConfiguration;
			buildSettings = {
				ALWAYS_SEARCH_USER_PATHS = NO;
				ASSETCATALOG_COMPILER_GENERATE_SWIFT_ASSET_SYMBOL_EXTENSIONS = YES;
				CLANG_ANALYZER_NONNULL = YES;
				CLANG_ANALYZER_NUMBER_OBJECT_CONVERSION = YES_AGGRESSIVE;
				CLANG_CXX_LANGUAGE_STANDARD = "gnu++20";
				CLANG_ENABLE_MODULES = YES;
				CLANG_ENABLE_OBJC_ARC = YES;
				CLANG_ENABLE_OBJC_WEAK = YES;
				CLANG_WARN_BLOCK_CAPTURE_AUTORELEASING = YES;
				CLANG_WARN_BOOL_CONVERSION = YES;
				CLANG_WARN_COMMA = YES;
				CLANG_WARN_CONSTANT_CONVERSION = YES;
				CLANG_WARN_DEPRECATED_OBJC_IMPLEMENTATIONS = YES;
				CLANG_WARN_DIRECT_OBJC_ISA_USAGE = YES_ERROR;
				CLANG_WARN_DOCUMENTATION_COMMENTS = YES;
				CLANG_WARN_EMPTY_BODY = YES;
				CLANG_WARN_ENUM_CONVERSION = YES;
				CLANG_WARN_INFINITE_RECURSION = YES;
				CLANG_WARN_INT_CONVERSION = YES;
				CLANG_WARN_NON_LITERAL_NULL_CONVERSION = YES;
				CLANG_WARN_OBJC_IMPLICIT_RETAIN_SELF = YES;
				CLANG_WARN_OBJC_LITERAL_CONVERSION = YES;
				CLANG_WARN_OBJC_ROOT_CLASS = YES_ERROR;
				CLANG_WARN_QUOTED_INCLUDE_IN_FRAMEWORK_HEADER = YES;
				CLANG_WARN_RANGE_LOOP_ANALYSIS = YES;
				CLANG_WARN_STRICT_PROTOTYPES = YES;
				CLANG_WARN_SUSPICIOUS_MOVE = YES;
				CLANG_WARN_UNGUARDED_AVAILABILITY = YES_AGGRESSIVE;
				CLANG_WARN_UNREACHABLE_CODE = YES;
				CLANG_WARN__DUPLICATE_METHOD_MATCH = YES;
				COPY_PHASE_STRIP = NO;
				DEBUG_INFORMATION_FORMAT = dwarf;
				ENABLE_STRICT_OBJC_MSGSEND = YES;
				ENABLE_TESTABILITY = YES;
				ENABLE_USER_SCRIPT_SANDBOXING = YES;
				GCC_C_LANGUAGE_STANDARD = gnu17;
				GCC_DYNAMIC_NO_PIC = NO;
				GCC_NO_COMMON_BLOCKS = YES;
				GCC_OPTIMIZATION_LEVEL = 0;
				GCC_PREPROCESSOR_DEFINITIONS = (
					"DEBUG=1",
					"$(inherited)",
				);
				GCC_WARN_64_TO_32_BIT_CONVERSION = YES;
				GCC_WARN_ABOUT_RETURN_TYPE = YES_ERROR;
				GCC_WARN_UNDECLARED_SELECTOR = YES;
				GCC_WARN_UNINITIALIZED_AUTOS = YES_AGGRESSIVE;
				GCC_WARN_UNUSED_FUNCTION = YES;
				GCC_WARN_UNUSED_VARIABLE = YES;
				IPHONEOS_DEPLOYMENT_TARGET = 17.5;
				LOCALIZATION_PREFERS_STRING_CATALOGS = YES;
				MTL_ENABLE_DEBUG_INFO = INCLUDE_SOURCE;
				MTL_FAST_MATH = YES;
				ONLY_ACTIVE_ARCH = YES;
				SDKROOT = iphoneos;
				SWIFT_ACTIVE_COMPILATION_CONDITIONS = "DEBUG $(inherited)";
				SWIFT_OPTIMIZATION_LEVEL = "-Onone";
			};
			name = Debug;
		};
		AA6BD3532C3ECF6500107AF6 /* Release */ = {
			isa = XCBuildConfiguration;
			buildSettings = {
				ALWAYS_SEARCH_USER_PATHS = NO;
				ASSETCATALOG_COMPILER_GENERATE_SWIFT_ASSET_SYMBOL_EXTENSIONS = YES;
				CLANG_ANALYZER_NONNULL = YES;
				CLANG_ANALYZER_NUMBER_OBJECT_CONVERSION = YES_AGGRESSIVE;
				CLANG_CXX_LANGUAGE_STANDARD = "gnu++20";
				CLANG_ENABLE_MODULES = YES;
				CLANG_ENABLE_OBJC_ARC = YES;
				CLANG_ENABLE_OBJC_WEAK = YES;
				CLANG_WARN_BLOCK_CAPTURE_AUTORELEASING = YES;
				CLANG_WARN_BOOL_CONVERSION = YES;
				CLANG_WARN_COMMA = YES;
				CLANG_WARN_CONSTANT_CONVERSION = YES;
				CLANG_WARN_DEPRECATED_OBJC_IMPLEMENTATIONS = YES;
				CLANG_WARN_DIRECT_OBJC_ISA_USAGE = YES_ERROR;
				CLANG_WARN_DOCUMENTATION_COMMENTS = YES;
				CLANG_WARN_EMPTY_BODY = YES;
				CLANG_WARN_ENUM_CONVERSION = YES;
				CLANG_WARN_INFINITE_RECURSION = YES;
				CLANG_WARN_INT_CONVERSION = YES;
				CLANG_WARN_NON_LITERAL_NULL_CONVERSION = YES;
				CLANG_WARN_OBJC_IMPLICIT_RETAIN_SELF = YES;
				CLANG_WARN_OBJC_LITERAL_CONVERSION = YES;
				CLANG_WARN_OBJC_ROOT_CLASS = YES_ERROR;
				CLANG_WARN_QUOTED_INCLUDE_IN_FRAMEWORK_HEADER = YES;
				CLANG_WARN_RANGE_LOOP_ANALYSIS = YES;
				CLANG_WARN_STRICT_PROTOTYPES = YES;
				CLANG_WARN_SUSPICIOUS_MOVE = YES;
				CLANG_WARN_UNGUARDED_AVAILABILITY = YES_AGGRESSIVE;
				CLANG_WARN_UNREACHABLE_CODE = YES;
				CLANG_WARN__DUPLICATE_METHOD_MATCH = YES;
				COPY_PHASE_STRIP = NO;
				DEBUG_INFORMATION_FORMAT = "dwarf-with-dsym";
				ENABLE_NS_ASSERTIONS = NO;
				ENABLE_STRICT_OBJC_MSGSEND = YES;
				ENABLE_USER_SCRIPT_SANDBOXING = YES;
				GCC_C_LANGUAGE_STANDARD = gnu17;
				GCC_NO_COMMON_BLOCKS = YES;
				GCC_WARN_64_TO_32_BIT_CONVERSION = YES;
				GCC_WARN_ABOUT_RETURN_TYPE = YES_ERROR;
				GCC_WARN_UNDECLARED_SELECTOR = YES;
				GCC_WARN_UNINITIALIZED_AUTOS = YES_AGGRESSIVE;
				GCC_WARN_UNUSED_FUNCTION = YES;
				GCC_WARN_UNUSED_VARIABLE = YES;
				IPHONEOS_DEPLOYMENT_TARGET = 17.5;
				LOCALIZATION_PREFERS_STRING_CATALOGS = YES;
				MTL_ENABLE_DEBUG_INFO = NO;
				MTL_FAST_MATH = YES;
				SDKROOT = iphoneos;
				SWIFT_COMPILATION_MODE = wholemodule;
				VALIDATE_PRODUCT = YES;
			};
			name = Release;
		};
		AA6BD3552C3ECF6500107AF6 /* Debug */ = {
			isa = XCBuildConfiguration;
			buildSettings = {
				ASSETCATALOG_COMPILER_APPICON_NAME = AppIcon;
				ASSETCATALOG_COMPILER_GLOBAL_ACCENT_COLOR_NAME = AccentColor;
				CODE_SIGN_STYLE = Automatic;
				CURRENT_PROJECT_VERSION = 1;
				DEVELOPMENT_TEAM = 4KLMMMFY4D;
				GENERATE_INFOPLIST_FILE = YES;
				INFOPLIST_FILE = SesacWeatherAPP/Info.plist;
				INFOPLIST_KEY_UIApplicationSupportsIndirectInputEvents = YES;
				INFOPLIST_KEY_UILaunchStoryboardName = LaunchScreen;
				INFOPLIST_KEY_UISupportedInterfaceOrientations_iPad = "UIInterfaceOrientationPortrait UIInterfaceOrientationPortraitUpsideDown UIInterfaceOrientationLandscapeLeft UIInterfaceOrientationLandscapeRight";
				INFOPLIST_KEY_UISupportedInterfaceOrientations_iPhone = "UIInterfaceOrientationPortrait UIInterfaceOrientationLandscapeLeft UIInterfaceOrientationLandscapeRight";
				LD_RUNPATH_SEARCH_PATHS = (
					"$(inherited)",
					"@executable_path/Frameworks",
				);
				MARKETING_VERSION = 1.0;
				PRODUCT_BUNDLE_IDENTIFIER = com.acasia.SesacWeatherAPP;
				PRODUCT_NAME = "$(TARGET_NAME)";
				SWIFT_EMIT_LOC_STRINGS = YES;
				SWIFT_VERSION = 5.0;
				TARGETED_DEVICE_FAMILY = "1,2";
			};
			name = Debug;
		};
		AA6BD3562C3ECF6500107AF6 /* Release */ = {
			isa = XCBuildConfiguration;
			buildSettings = {
				ASSETCATALOG_COMPILER_APPICON_NAME = AppIcon;
				ASSETCATALOG_COMPILER_GLOBAL_ACCENT_COLOR_NAME = AccentColor;
				CODE_SIGN_STYLE = Automatic;
				CURRENT_PROJECT_VERSION = 1;
				DEVELOPMENT_TEAM = 4KLMMMFY4D;
				GENERATE_INFOPLIST_FILE = YES;
				INFOPLIST_FILE = SesacWeatherAPP/Info.plist;
				INFOPLIST_KEY_UIApplicationSupportsIndirectInputEvents = YES;
				INFOPLIST_KEY_UILaunchStoryboardName = LaunchScreen;
				INFOPLIST_KEY_UISupportedInterfaceOrientations_iPad = "UIInterfaceOrientationPortrait UIInterfaceOrientationPortraitUpsideDown UIInterfaceOrientationLandscapeLeft UIInterfaceOrientationLandscapeRight";
				INFOPLIST_KEY_UISupportedInterfaceOrientations_iPhone = "UIInterfaceOrientationPortrait UIInterfaceOrientationLandscapeLeft UIInterfaceOrientationLandscapeRight";
				LD_RUNPATH_SEARCH_PATHS = (
					"$(inherited)",
					"@executable_path/Frameworks",
				);
				MARKETING_VERSION = 1.0;
				PRODUCT_BUNDLE_IDENTIFIER = com.acasia.SesacWeatherAPP;
				PRODUCT_NAME = "$(TARGET_NAME)";
				SWIFT_EMIT_LOC_STRINGS = YES;
				SWIFT_VERSION = 5.0;
				TARGETED_DEVICE_FAMILY = "1,2";
			};
			name = Release;
		};
/* End XCBuildConfiguration section */

/* Begin XCConfigurationList section */
		AA6BD33B2C3ECF6400107AF6 /* Build configuration list for PBXProject "SesacWeatherAPP" */ = {
			isa = XCConfigurationList;
			buildConfigurations = (
				AA6BD3522C3ECF6500107AF6 /* Debug */,
				AA6BD3532C3ECF6500107AF6 /* Release */,
			);
			defaultConfigurationIsVisible = 0;
			defaultConfigurationName = Release;
		};
		AA6BD3542C3ECF6500107AF6 /* Build configuration list for PBXNativeTarget "SesacWeatherAPP" */ = {
			isa = XCConfigurationList;
			buildConfigurations = (
				AA6BD3552C3ECF6500107AF6 /* Debug */,
				AA6BD3562C3ECF6500107AF6 /* Release */,
			);
			defaultConfigurationIsVisible = 0;
			defaultConfigurationName = Release;
		};
/* End XCConfigurationList section */

/* Begin XCRemoteSwiftPackageReference section */
		AA6BD35B2C3ED3AE00107AF6 /* XCRemoteSwiftPackageReference "Alamofire" */ = {
			isa = XCRemoteSwiftPackageReference;
			repositoryURL = "https://github.com/Alamofire/Alamofire.git";
			requirement = {
				kind = upToNextMajorVersion;
				minimumVersion = 5.9.1;
			};
		};
		AA6BD35E2C3ED3B900107AF6 /* XCRemoteSwiftPackageReference "SnapKit" */ = {
			isa = XCRemoteSwiftPackageReference;
			repositoryURL = "https://github.com/SnapKit/SnapKit.git";
			requirement = {
				kind = upToNextMajorVersion;
				minimumVersion = 5.7.1;
			};
		};
		AA6BD3612C3ED3CC00107AF6 /* XCRemoteSwiftPackageReference "Kingfisher" */ = {
			isa = XCRemoteSwiftPackageReference;
			repositoryURL = "https://github.com/onevcat/Kingfisher.git";
			requirement = {
				kind = upToNextMajorVersion;
				minimumVersion = 7.12.0;
			};
		};
/* End XCRemoteSwiftPackageReference section */

/* Begin XCSwiftPackageProductDependency section */
		AA6BD35C2C3ED3AE00107AF6 /* Alamofire */ = {
			isa = XCSwiftPackageProductDependency;
			package = AA6BD35B2C3ED3AE00107AF6 /* XCRemoteSwiftPackageReference "Alamofire" */;
			productName = Alamofire;
		};
		AA6BD35F2C3ED3B900107AF6 /* SnapKit */ = {
			isa = XCSwiftPackageProductDependency;
			package = AA6BD35E2C3ED3B900107AF6 /* XCRemoteSwiftPackageReference "SnapKit" */;
			productName = SnapKit;
		};
		AA6BD3622C3ED3CC00107AF6 /* Kingfisher */ = {
			isa = XCSwiftPackageProductDependency;
			package = AA6BD3612C3ED3CC00107AF6 /* XCRemoteSwiftPackageReference "Kingfisher" */;
			productName = Kingfisher;
		};
/* End XCSwiftPackageProductDependency section */
	};
	rootObject = AA6BD3382C3ECF6400107AF6 /* Project object */;
}
